[[package]]
category = "dev"
description = "A small Python module for determining appropriate platform-specific dirs, e.g. a \"user data dir\"."
name = "appdirs"
optional = false
python-versions = "*"
version = "1.4.3"

[[package]]
category = "main"
description = "Disable App Nap on OS X 10.9"
marker = "sys_platform == \"darwin\" or platform_system == \"Darwin\""
name = "appnope"
optional = false
python-versions = "*"
version = "0.1.0"

[[package]]
category = "main"
description = "Classes Without Boilerplate"
name = "attrs"
optional = false
python-versions = ">=2.7, !=3.0.*, !=3.1.*, !=3.2.*, !=3.3.*"
version = "19.3.0"

[[package]]
category = "main"
description = "Specifications for callback functions passed in to an API"
name = "backcall"
optional = false
python-versions = "*"
version = "0.1.0"

[[package]]
category = "dev"
description = "The uncompromising code formatter."
name = "black"
optional = false
python-versions = ">=3.6"
version = "18.9b0"

[package.dependencies]
appdirs = "*"
attrs = ">=17.4.0"
click = ">=6.5"
toml = ">=0.9.4"

[[package]]
category = "main"
description = "An easy safelist-based HTML-sanitizing tool."
name = "bleach"
optional = false
python-versions = ">=2.7, !=3.0.*, !=3.1.*, !=3.2.*, !=3.3.*"
version = "3.1.0"

[package.dependencies]
six = ">=1.9.0"
webencodings = "*"

[[package]]
category = "dev"
description = "Composable command line interface toolkit"
name = "click"
optional = false
python-versions = ">=2.7, !=3.0.*, !=3.1.*, !=3.2.*, !=3.3.*"
version = "7.0"

[[package]]
category = "main"
description = "Cross-platform colored terminal text."
marker = "sys_platform == \"win32\""
name = "colorama"
optional = false
python-versions = ">=2.7, !=3.0.*, !=3.1.*, !=3.2.*, !=3.3.*"
version = "0.4.1"

[[package]]
category = "main"
description = "Decorators for Humans"
name = "decorator"
optional = false
python-versions = ">=2.6, !=3.0.*, !=3.1.*"
version = "4.4.1"

[[package]]
category = "main"
description = "XML bomb protection for Python stdlib modules"
name = "defusedxml"
optional = false
python-versions = ">=2.7, !=3.0.*, !=3.1.*, !=3.2.*, !=3.3.*, !=3.4.*"
version = "0.6.0"

[[package]]
category = "main"
description = "Discover and load entry points from installed packages."
name = "entrypoints"
optional = false
python-versions = ">=2.7"
version = "0.3"

[[package]]
category = "main"
description = "Read metadata from Python packages"
marker = "python_version < \"3.8\""
name = "importlib-metadata"
optional = false
python-versions = ">=2.7,!=3.0,!=3.1,!=3.2,!=3.3"
version = "0.23"

[package.dependencies]
zipp = ">=0.5"

[[package]]
category = "main"
description = "IPython Kernel for Jupyter"
name = "ipykernel"
optional = false
python-versions = ">=3.4"
version = "5.1.3"

[package.dependencies]
appnope = "*"
ipython = ">=5.0.0"
jupyter-client = "*"
tornado = ">=4.2"
traitlets = ">=4.1.0"

[[package]]
category = "main"
description = "IPython: Productive Interactive Computing"
name = "ipython"
optional = false
python-versions = ">=3.5"
version = "7.9.0"

[package.dependencies]
appnope = "*"
backcall = "*"
colorama = "*"
decorator = "*"
jedi = ">=0.10"
pexpect = "*"
pickleshare = "*"
prompt-toolkit = ">=2.0.0,<2.1.0"
pygments = "*"
setuptools = ">=18.5"
traitlets = ">=4.2"

[[package]]
category = "main"
description = "Vestigial utilities from IPython"
name = "ipython-genutils"
optional = false
python-versions = "*"
version = "0.2.0"

[[package]]
category = "main"
description = "An autocompletion tool for Python that can be used for text editors."
name = "jedi"
optional = false
python-versions = ">=2.7, !=3.0.*, !=3.1.*, !=3.2.*, !=3.3.*"
version = "0.15.1"

[package.dependencies]
parso = ">=0.5.0"

[[package]]
category = "main"
description = "A very fast and expressive template engine."
name = "jinja2"
optional = false
python-versions = "*"
version = "2.10.3"

[package.dependencies]
MarkupSafe = ">=0.23"

[[package]]
category = "main"
description = "A Python implementation of the JSON5 data format."
name = "json5"
optional = false
python-versions = "*"
version = "0.8.5"

[[package]]
category = "main"
description = "An implementation of JSON Schema validation for Python"
name = "jsonschema"
optional = false
python-versions = "*"
version = "3.2.0"

[package.dependencies]
attrs = ">=17.4.0"
pyrsistent = ">=0.14.0"
setuptools = "*"
six = ">=1.11.0"

[package.dependencies.importlib-metadata]
python = "<3.8"
version = "*"

[[package]]
category = "main"
description = "Jupyter protocol implementation and client libraries"
name = "jupyter-client"
optional = false
python-versions = ">=2.7, !=3.0.*, !=3.1.*, !=3.2.*, !=3.3.*, !=3.4.*"
version = "5.3.4"

[package.dependencies]
jupyter-core = ">=4.6.0"
python-dateutil = ">=2.1"
pywin32 = ">=1.0"
pyzmq = ">=13"
tornado = ">=4.1"
traitlets = "*"

[[package]]
category = "main"
description = "Jupyter core package. A base package on which Jupyter projects rely."
name = "jupyter-core"
optional = false
python-versions = ">=2.7, !=3.0, !=3.1, !=3.2"
version = "4.6.1"

[package.dependencies]
pywin32 = ">=1.0"
traitlets = "*"

[[package]]
category = "main"
description = "The JupyterLab notebook server extension."
name = "jupyterlab"
optional = false
python-versions = ">=3.5"
version = "1.2.3"

[package.dependencies]
jinja2 = ">=2.10"
jupyterlab-server = ">=1.0.0,<1.1.0"
notebook = ">=4.3.1"
tornado = "<6.0.0 || >6.0.0,<6.0.1 || >6.0.1,<6.0.2 || >6.0.2"

[[package]]
category = "main"
description = "JupyterLab Server"
name = "jupyterlab-server"
optional = false
python-versions = ">=3.5"
version = "1.0.6"

[package.dependencies]
jinja2 = ">=2.10"
json5 = "*"
jsonschema = ">=3.0.1"
notebook = ">=4.2.0"

[[package]]
category = "main"
description = "Safely add untrusted strings to HTML/XML markup."
name = "markupsafe"
optional = false
python-versions = ">=2.7,!=3.0.*,!=3.1.*,!=3.2.*,!=3.3.*"
version = "1.1.1"

[[package]]
category = "main"
description = "The fastest markdown parser in pure Python"
name = "mistune"
optional = false
python-versions = "*"
version = "0.8.4"

[[package]]
category = "main"
description = "More routines for operating on iterables, beyond itertools"
marker = "python_version < \"3.8\""
name = "more-itertools"
optional = false
python-versions = ">=3.4"
version = "7.2.0"

[[package]]
category = "main"
description = "Converting Jupyter Notebooks"
name = "nbconvert"
optional = false
python-versions = ">=2.7, !=3.0.*, !=3.1.*, !=3.2.*, !=3.3.*, !=3.4.*"
version = "5.6.1"

[package.dependencies]
bleach = "*"
defusedxml = "*"
entrypoints = ">=0.2.2"
jinja2 = ">=2.4"
jupyter-core = "*"
mistune = ">=0.8.1,<2"
nbformat = ">=4.4"
pandocfilters = ">=1.4.1"
pygments = "*"
testpath = "*"
traitlets = ">=4.2"

[[package]]
category = "main"
description = "The Jupyter Notebook format"
name = "nbformat"
optional = false
python-versions = "*"
version = "4.4.0"

[package.dependencies]
ipython-genutils = "*"
jsonschema = ">=2.4,<2.5.0 || >2.5.0"
jupyter-core = "*"
traitlets = ">=4.1"

[[package]]
category = "main"
description = "A web-based notebook environment for interactive computing"
name = "notebook"
optional = false
python-versions = ">=3.5"
version = "6.0.2"

[package.dependencies]
Send2Trash = "*"
ipykernel = "*"
ipython-genutils = "*"
jinja2 = "*"
jupyter-client = ">=5.3.4"
jupyter-core = ">=4.6.0"
nbconvert = "*"
nbformat = "*"
prometheus-client = "*"
pyzmq = ">=17"
terminado = ">=0.8.1"
tornado = ">=5.0"
traitlets = ">=4.2.1"

[[package]]
category = "main"
description = "Core utilities for Python packages"
name = "packaging"
optional = false
python-versions = ">=2.7, !=3.0.*, !=3.1.*, !=3.2.*, !=3.3.*"
version = "19.2"

[package.dependencies]
pyparsing = ">=2.0.2"
six = "*"

[[package]]
category = "main"
description = "Utilities for writing pandoc filters in python"
name = "pandocfilters"
optional = false
python-versions = "*"
version = "1.4.2"

[[package]]
category = "main"
description = "A Python Parser"
name = "parso"
optional = false
python-versions = "*"
version = "0.5.1"

[[package]]
category = "main"
description = "Pexpect allows easy control of interactive console applications."
marker = "sys_platform != \"win32\""
name = "pexpect"
optional = false
python-versions = "*"
version = "4.7.0"

[package.dependencies]
ptyprocess = ">=0.5"

[[package]]
category = "main"
description = "Tiny 'shelve'-like database with concurrency support"
name = "pickleshare"
optional = false
python-versions = "*"
version = "0.7.5"

[[package]]
category = "main"
description = "Python client for the Prometheus monitoring system."
name = "prometheus-client"
optional = false
python-versions = "*"
version = "0.7.1"

[[package]]
category = "main"
description = "Library for building powerful interactive command lines in Python"
name = "prompt-toolkit"
optional = false
python-versions = ">=2.6, !=3.0.*, !=3.1.*, !=3.2.*"
version = "2.0.10"

[package.dependencies]
six = ">=1.9.0"
wcwidth = "*"

[[package]]
category = "main"
description = "Run a subprocess in a pseudo terminal"
marker = "sys_platform != \"win32\" or os_name != \"nt\""
name = "ptyprocess"
optional = false
python-versions = "*"
version = "0.6.0"

[[package]]
category = "main"
description = "Pygments is a syntax highlighting package written in Python."
name = "pygments"
optional = false
python-versions = ">=2.7, !=3.0.*, !=3.1.*, !=3.2.*, !=3.3.*, !=3.4.*"
version = "2.4.2"

[[package]]
category = "main"
description = "Python parsing module"
name = "pyparsing"
optional = false
python-versions = ">=2.6, !=3.0.*, !=3.1.*, !=3.2.*"
version = "2.4.5"

[[package]]
category = "main"
description = "Persistent/Functional/Immutable data structures"
name = "pyrsistent"
optional = false
python-versions = "*"
version = "0.15.5"

[package.dependencies]
six = "*"

[[package]]
category = "main"
description = "Extensions to the standard Python datetime module"
name = "python-dateutil"
optional = false
python-versions = "!=3.0.*,!=3.1.*,!=3.2.*,>=2.7"
version = "2.8.1"

[package.dependencies]
six = ">=1.5"

[[package]]
category = "main"
description = "Python for Window Extensions"
marker = "sys_platform == \"win32\""
name = "pywin32"
optional = false
python-versions = "*"
version = "227"

[[package]]
category = "main"
description = "Python bindings for the winpty library"
marker = "os_name == \"nt\""
name = "pywinpty"
optional = false
python-versions = "*"
version = "0.5.5"

[[package]]
category = "main"
description = "Python bindings for 0MQ"
name = "pyzmq"
optional = false
python-versions = ">=2.7,!=3.0.*,!=3.1.*,!=3.2.*"
version = "18.1.1"

[[package]]
category = "main"
description = "Send file to trash natively under Mac OS X, Windows and Linux."
name = "send2trash"
optional = false
python-versions = "*"
version = "1.5.0"

[[package]]
category = "main"
description = "Python 2 and 3 compatibility utilities"
name = "six"
optional = false
python-versions = ">=2.6, !=3.0.*, !=3.1.*"
version = "1.13.0"

[[package]]
category = "main"
description = "Terminals served to xterm.js using Tornado websockets"
name = "terminado"
optional = false
python-versions = ">=2.7, !=3.0.*, !=3.1.*, !=3.2.*, !=3.3.*"
version = "0.8.3"

[package.dependencies]
ptyprocess = "*"
pywinpty = ">=0.5"
tornado = ">=4"

[[package]]
category = "main"
description = "Test utilities for code working with files and commands"
name = "testpath"
optional = false
python-versions = "*"
version = "0.4.4"

[[package]]
category = "dev"
description = "Python Library for Tom's Obvious, Minimal Language"
name = "toml"
optional = false
python-versions = "*"
version = "0.10.0"

[[package]]
category = "main"
description = "Tornado is a Python web framework and asynchronous networking library, originally developed at FriendFeed."
name = "tornado"
optional = false
python-versions = ">= 3.5"
version = "6.0.3"

[[package]]
category = "main"
description = "Traitlets Python config system"
name = "traitlets"
optional = false
python-versions = "*"
version = "4.3.3"

[package.dependencies]
decorator = "*"
ipython-genutils = "*"
six = "*"

[[package]]
category = "main"
description = "Measures number of Terminal column cells of wide-character codes"
name = "wcwidth"
optional = false
python-versions = "*"
version = "0.1.7"

[[package]]
category = "main"
description = "Character encoding aliases for legacy web content"
name = "webencodings"
optional = false
python-versions = "*"
version = "0.5.1"

[[package]]
category = "main"
description = "Backport of pathlib-compatible object wrapper for zip files"
marker = "python_version < \"3.8\""
name = "zipp"
optional = false
python-versions = ">=2.7"
version = "0.6.0"

[package.dependencies]
more-itertools = "*"

[metadata]
content-hash = "6b3d83bf6c9b07bafdf09f360385c0651012811c2eccff0ba1d06b1617f6904a"
python-versions = "^3.6"

[metadata.hashes]
appdirs = ["9e5896d1372858f8dd3344faf4e5014d21849c756c8d5701f78f8a103b372d92", "d8b24664561d0d34ddfaec54636d502d7cea6e29c3eaf68f3df6180863e2166e"]
appnope = ["5b26757dc6f79a3b7dc9fab95359328d5747fcb2409d331ea66d0272b90ab2a0", "8b995ffe925347a2138d7ac0fe77155e4311a0ea6d6da4f5128fe4b3cbe5ed71"]
attrs = ["08a96c641c3a74e44eb59afb61a24f2cb9f4d7188748e76ba4bb5edfa3cb7d1c", "f7b7ce16570fe9965acd6d30101a28f62fb4a7f9e926b3bbc9b61f8b04247e72"]
backcall = ["38ecd85be2c1e78f77fd91700c76e14667dc21e2713b63876c0eb901196e01e4", "bbbf4b1e5cd2bdb08f915895b51081c041bac22394fdfcfdfbe9f14b77c08bf2"]
black = ["817243426042db1d36617910df579a54f1afd659adb96fc5032fcf4b36209739", "e030a9a28f542debc08acceb273f228ac422798e5215ba2a791a6ddeaaca22a5"]
bleach = ["213336e49e102af26d9cde77dd2d0397afabc5a6bf2fed985dc35b5d1e285a16", "3fdf7f77adcf649c9911387df51254b813185e32b2c6619f690b593a617e19fa"]
click = ["2335065e6395b9e67ca716de5f7526736bfa6ceead690adf616d925bdc622b13", "5b94b49521f6456670fdb30cd82a4eca9412788a93fa6dd6df72c94d5a8ff2d7"]
colorama = ["05eed71e2e327246ad6b38c540c4a3117230b19679b875190486ddd2d721422d", "f8ac84de7840f5b9c4e3347b3c1eaa50f7e49c2b07596221daec5edaabbd7c48"]
decorator = ["54c38050039232e1db4ad7375cfce6748d7b41c29e95a081c8a6d2c30364a2ce", "5d19b92a3c8f7f101c8dd86afd86b0f061a8ce4540ab8cd401fa2542756bce6d"]
defusedxml = ["6687150770438374ab581bb7a1b327a847dd9c5749e396102de3fad4e8a3ef93", "f684034d135af4c6cbb949b8a4d2ed61634515257a67299e5f940fbaa34377f5"]
entrypoints = ["589f874b313739ad35be6e0cd7efde2a4e9b6fea91edcc34e58ecbb8dbe56d19", "c70dd71abe5a8c85e55e12c19bd91ccfeec11a6e99044204511f9ed547d48451"]
importlib-metadata = ["aa18d7378b00b40847790e7c27e11673d7fed219354109d0e7b9e5b25dc3ad26", "d5f18a79777f3aa179c145737780282e27b508fc8fd688cb17c7a813e8bd39af"]
ipykernel = ["1a7def9c986f1ee018c1138d16951932d4c9d4da01dad45f9d34e9899565a22f", "b368ad13edb71fa2db367a01e755a925d7f75ed5e09fbd3f06c85e7a8ef108a8"]
ipython = ["dfd303b270b7b5232b3d08bd30ec6fd685d8a58cabd54055e3d69d8f029f7280", "ed7ebe1cba899c1c3ccad6f7f1c2d2369464cc77dba8eebc65e2043e19cda995"]
ipython-genutils = ["72dd37233799e619666c9f639a9da83c34013a73e8bbc79a7a6348d93c61fab8", "eb2e116e75ecef9d4d228fdc66af54269afa26ab4463042e33785b887c628ba8"]
jedi = ["786b6c3d80e2f06fd77162a07fed81b8baa22dde5d62896a790a331d6ac21a27", "ba859c74fa3c966a22f2aeebe1b74ee27e2a462f56d3f5f7ca4a59af61bfe42e"]
jinja2 = ["74320bb91f31270f9551d46522e33af46a80c3d619f4a4bf42b3164d30b5911f", "9fe95f19286cfefaa917656583d020be14e7859c6b0252588391e47db34527de"]
json5 = ["124b0f0da1ed2ff3bfe3a3e9b8630abd3c650852465cb52c15ef60b8e82a73b0", "32bd17e0553bf53927f6c29b6089f3a320c12897120a4bcfea76ea81c10b2d9c"]
jsonschema = ["4e5b3cf8216f577bee9ce139cbe72eca3ea4f292ec60928ff24758ce626cd163", "c8a85b28d377cc7737e46e2d9f2b4f44ee3c0e1deac6bf46ddefc7187d30797a"]
jupyter-client = ["60e6faec1031d63df57f1cc671ed673dced0ed420f4377ea33db37b1c188b910", "d0c077c9aaa4432ad485e7733e4d91e48f87b4f4bab7d283d42bb24cbbba0a0f"]
jupyter-core = ["464769f7387d7a62a2403d067f1ddc616655b7f77f5d810c0dd62cb54bfd0fb9", "a183e0ec2e8f6adddf62b0a3fc6a2237e3e0056d381e536d3e7c7ecc3067e244"]
jupyterlab = ["2188a9bcaaf0b6a68ff9098a481f37ece8231634b862fd3c9adedc466aac79f2", "e458312c9afe0386399be1cc808178ef7014ef88c562084856b6830e9602afa1"]
jupyterlab-server = ["d0977527bfce6f47c782cb6bf79d2c949ebe3f22ac695fa000b730c671445dad", "d9c3bcf097f7ad8d8fd2f8d0c1e8a1b833671c02808e5f807088975495364447"]
markupsafe = ["00bc623926325b26bb9605ae9eae8a215691f33cae5df11ca5424f06f2d1f473", "09027a7803a62ca78792ad89403b1b7a73a01c8cb65909cd876f7fcebd79b161", "09c4b7f37d6c648cb13f9230d847adf22f8171b1ccc4d5682398e77f40309235", "1027c282dad077d0bae18be6794e6b6b8c91d58ed8a8d89a89d59693b9131db5", "24982cc2533820871eba85ba648cd53d8623687ff11cbb805be4ff7b4c971aff", "29872e92839765e546828bb7754a68c418d927cd064fd4708fab9fe9c8bb116b", "43a55c2930bbc139570ac2452adf3d70cdbb3cfe5912c71cdce1c2c6bbd9c5d1", "46c99d2de99945ec5cb54f23c8cd5689f6d7177305ebff350a58ce5f8de1669e", "500d4957e52ddc3351cabf489e79c91c17f6e0899158447047588650b5e69183", "535f6fc4d397c1563d08b88e485c3496cf5784e927af890fb3c3aac7f933ec66", "62fe6c95e3ec8a7fad637b7f3d372c15ec1caa01ab47926cfdf7a75b40e0eac1", "6dd73240d2af64df90aa7c4e7481e23825ea70af4b4922f8ede5b9e35f78a3b1", "717ba8fe3ae9cc0006d7c451f0bb265ee07739daf76355d06366154ee68d221e", "79855e1c5b8da654cf486b830bd42c06e8780cea587384cf6545b7d9ac013a0b", "7c1699dfe0cf8ff607dbdcc1e9b9af1755371f92a68f706051cc8c37d447c905", "88e5fcfb52ee7b911e8bb6d6aa2fd21fbecc674eadd44118a9cc3863f938e735", "8defac2f2ccd6805ebf65f5eeb132adcf2ab57aa11fdf4c0dd5169a004710e7d", "98c7086708b163d425c67c7a91bad6e466bb99d797aa64f965e9d25c12111a5e", "9add70b36c5666a2ed02b43b335fe19002ee5235efd4b8a89bfcf9005bebac0d", "9bf40443012702a1d2070043cb6291650a0841ece432556f784f004937f0f32c", "ade5e387d2ad0d7ebf59146cc00c8044acbd863725f887353a10df825fc8ae21", "b00c1de48212e4cc9603895652c5c410df699856a2853135b3967591e4beebc2", "b1282f8c00509d99fef04d8ba936b156d419be841854fe901d8ae224c59f0be5", "b2051432115498d3562c084a49bba65d97cf251f5a331c64a12ee7e04dacc51b", "ba59edeaa2fc6114428f1637ffff42da1e311e29382d81b339c1817d37ec93c6", "c8716a48d94b06bb3b2524c2b77e055fb313aeb4ea620c8dd03a105574ba704f", "cd5df75523866410809ca100dc9681e301e3c27567cf498077e8551b6d20e42f", "e249096428b3ae81b08327a63a485ad0878de3fb939049038579ac0ef61e17e7"]
mistune = ["59a3429db53c50b5c6bcc8a07f8848cb00d7dc8bdb431a4ab41920d201d4756e", "88a1051873018da288eee8538d476dffe1262495144b33ecb586c4ab266bb8d4"]
more-itertools = ["409cd48d4db7052af495b09dec721011634af3753ae1ef92d2b32f73a745f832", "92b8c4b06dac4f0611c0729b2f2ede52b2e1bac1ab48f089c7ddc12e26bb60c4"]
nbconvert = ["21fb48e700b43e82ba0e3142421a659d7739b65568cc832a13976a77be16b523", "f0d6ec03875f96df45aa13e21fd9b8450c42d7e1830418cccc008c0df725fcee"]
nbformat = ["b9a0dbdbd45bb034f4f8893cafd6f652ea08c8c1674ba83f2dc55d3955743b0b", "f7494ef0df60766b7cabe0a3651556345a963b74dbc16bc7c18479041170d402"]
notebook = ["399a4411e171170173344761e7fd4491a3625659881f76ce47c50231ed714d9b", "f67d76a68b1074a91693e95dea903ea01fd02be7c9fac5a4b870b8475caed805"]
packaging = ["28b924174df7a2fa32c1953825ff29c61e2f5e082343165438812f00d3a7fc47", "d9551545c6d761f3def1677baf08ab2a3ca17c56879e70fecba2fc4dde4ed108"]
pandocfilters = ["b3dd70e169bb5449e6bc6ff96aea89c5eea8c5f6ab5e207fc2f521a2cf4a0da9"]
parso = ["63854233e1fadb5da97f2744b6b24346d2750b85965e7e399bec1620232797dc", "666b0ee4a7a1220f65d367617f2cd3ffddff3e205f3f16a0284df30e774c2a9c"]
pexpect = ["2094eefdfcf37a1fdbfb9aa090862c1a4878e5c7e0e7e7088bdb511c558e5cd1", "9e2c1fd0e6ee3a49b28f95d4b33bc389c89b20af6a1255906e90ff1262ce62eb"]
pickleshare = ["87683d47965c1da65cdacaf31c8441d12b8044cdec9aca500cd78fc2c683afca", "9649af414d74d4df115d5d718f82acb59c9d418196b7b4290ed47a12ce62df56"]
prometheus-client = ["71cd24a2b3eb335cb800c7159f423df1bd4dcd5171b234be15e3f31ec9f622da"]
prompt-toolkit = ["46642344ce457641f28fc9d1c9ca939b63dadf8df128b86f1b9860e59c73a5e4", "e7f8af9e3d70f514373bf41aa51bc33af12a6db3f71461ea47fea985defb2c31", "f15af68f66e664eaa559d4ac8a928111eebd5feda0c11738b5998045224829db"]
ptyprocess = ["923f299cc5ad920c68f2bc0bc98b75b9f838b93b599941a6b63ddbc2476394c0", "d7cc528d76e76342423ca640335bd3633420dc1366f258cb31d05e865ef5ca1f"]
pygments = ["71e430bc85c88a430f000ac1d9b331d2407f681d6f6aec95e8bcfbc3df5b0127", "881c4c157e45f30af185c1ffe8d549d48ac9127433f2c380c24b84572ad66297"]
pyparsing = ["20f995ecd72f2a1f4bf6b072b63b22e2eb457836601e76d6e5dfcd75436acc1f", "4ca62001be367f01bd3e92ecbb79070272a9d4964dce6a48a82ff0b8bc7e683a"]
pyrsistent = ["eb6545dbeb1aa69ab1fb4809bfbf5a8705e44d92ef8fc7c2361682a47c46c778"]
python-dateutil = ["73ebfe9dbf22e832286dafa60473e4cd239f8592f699aa5adaf10050e6e1823c", "75bb3f31ea686f1197762692a9ee6a7550b59fc6ca3a1f4b5d7e32fb98e2da2a"]
pywin32 = ["300a2db938e98c3e7e2093e4491439e62287d0d493fe07cce110db070b54c0be", "31f88a89139cb2adc40f8f0e65ee56a8c585f629974f9e07622ba80199057511", "371fcc39416d736401f0274dd64c2302728c9e034808e37381b5e1b22be4a6b0", "47a3c7551376a865dd8d095a98deba954a98f326c6fe3c72d8726ca6e6b15507", "4cdad3e84191194ea6d0dd1b1b9bdda574ff563177d2adf2b4efec2a244fa116", "7c1ae32c489dc012930787f06244426f8356e129184a02c25aef163917ce158e", "7f18199fbf29ca99dff10e1f09451582ae9e372a892ff03a28528a24d55875bc", "9b31e009564fb95db160f154e2aa195ed66bcc4c058ed72850d047141b36f3a2", "a929a4af626e530383a579431b70e512e736e9588106715215bf685a3ea508d4", "c054c52ba46e7eb6b7d7dfae4dbd987a1bb48ee86debe3f245a2884ece46e295", "f27cec5e7f588c3d1051651830ecc00294f90728d19c3bf6916e6dba93ea357c", "f4c5be1a293bae0076d93c88f37ee8da68136744588bc5e2be2f299a34ceb7aa"]
pywinpty = ["0e01321e53a230233358a6d608a1a8bc86c3882cf82769ba3c62ca387dc9cc51", "333e0bc5fca8ad9e9a1516ebedb2a65da38dc1f399f8b2ea57d6cccec1ff2cc8", "3ca3123aa6340ab31bbf9bd012b92e72f9ec905e4c9ee152cc997403e1778cd3", "44a6dddcf2abf402e22f87e2c9a341f7d0b296afbec3d28184c8de4d7f514ee4", "53d94d574c3d4da2df5b1c3ae728b8d90e4d33502b0388576bbd4ddeb4de0f77", "c3955f162c53dde968f3fc11361658f1d83b683bfe601d4b6f94bb01ea4300bc", "cec9894ecb34de3d7b1ca121dd98433035b9f8949b5095e84b103b349231509c", "dcd45912e2fe2e6f72cee997a4da6ed1ad2056165a277ce5ec7f7ac98dcdf667", "f2bcdd9a2ffd8b223752a971b3d377fb7bfed85f140ec9710f1218d760f2ccb7"]
pyzmq = ["01b588911714a6696283de3904f564c550c9e12e8b4995e173f1011755e01086", "0573b9790aa26faff33fba40f25763657271d26f64bffb55a957a3d4165d6098", "0fa82b9fc3334478be95a5566f35f23109f763d1669bb762e3871a8fa2a4a037", "1e59b7b19396f26e360f41411a5d4603356d18871049cd7790f1a7d18f65fb2c", "2a294b4f44201bb21acc2c1a17ff87fbe57b82060b10ddb00ac03e57f3d7fcfa", "355b38d7dd6f884b8ee9771f59036bcd178d98539680c4f87e7ceb2c6fd057b6", "4b73d20aec63933bbda7957e30add233289d86d92a0bb9feb3f4746376f33527", "4ec47f2b50bdb97df58f1697470e5c58c3c5109289a623e30baf293481ff0166", "5541dc8cad3a8486d58bbed076cb113b65b5dd6b91eb94fb3e38a3d1d3022f20", "6fca7d11310430e751f9832257866a122edf9d7b635305c5d8c51f74a5174d3d", "7369656f89878455a5bcd5d56ca961884f5d096268f71c0750fc33d6732a25e5", "75d73ee7ca4b289a2a2dfe0e6bd8f854979fc13b3fe4ebc19381be3b04e37a4a", "80c928d5adcfa12346b08d31360988d843b54b94154575cccd628f1fe91446bc", "83ce18b133dc7e6789f64cb994e7376c5aa6b4aeced993048bf1d7f9a0fe6d3a", "8b8498ceee33a7023deb2f3db907ca41d6940321e282297327a9be41e3983792", "8c69a6cbfa94da29a34f6b16193e7c15f5d3220cb772d6d17425ff3faa063a6d", "8ff946b20d13a99dc5c21cb76f4b8b253eeddf3eceab4218df8825b0c65ab23d", "972d723a36ab6a60b7806faa5c18aa3c080b7d046c407e816a1d8673989e2485", "a6c9c42bbdba3f9c73aedbb7671815af1943ae8073e532c2b66efb72f39f4165", "aa3872f2ebfc5f9692ef8957fe69abe92d905a029c0608e45ebfcd451ad30ab5", "cf08435b14684f7f2ca2df32c9df38a79cdc17c20dc461927789216cb43d8363", "d30db4566177a6205ed1badb8dbbac3c043e91b12a2db5ef9171b318c5641b75", "d5ac84f38575a601ab20c1878818ffe0d09eb51d6cb8511b636da46d0fd8949a", "e37f22eb4bfbf69cd462c7000616e03b0cdc1b65f2d99334acad36ea0e4ddf6b", "e6549dd80de7b23b637f586217a4280facd14ac01e9410a037a13854a6977299", "ed6205ca0de035f252baa0fd26fdd2bc8a8f633f92f89ca866fd423ff26c6f25", "efdde21febb9b5d7a8e0b87ea2549d7e00fda1936459cfb27fb6fca0c36af6c1", "f4e72646bfe79ff3adbf1314906bbd2d67ef9ccc71a3a98b8b2ccbcca0ab7bec"]
send2trash = ["60001cc07d707fe247c94f74ca6ac0d3255aabcb930529690897ca2a39db28b2", "f1691922577b6fa12821234aeb57599d887c4900b9ca537948d2dac34aea888b"]
six = ["1f1b7d42e254082a9db6279deae68afb421ceba6158efa6131de7b3003ee93fd", "30f610279e8b2578cab6db20741130331735c781b56053c59c4076da27f06b66"]
terminado = ["4804a774f802306a7d9af7322193c5390f1da0abb429e082a10ef1d46e6fb2c2", "a43dcb3e353bc680dd0783b1d9c3fc28d529f190bc54ba9a229f72fe6e7a54d7"]
testpath = ["60e0a3261c149755f4399a1fff7d37523179a70fdc3abdf78de9fc2604aeec7e", "bfcf9411ef4bf3db7579063e0546938b1edda3d69f4e1fb8756991f5951f85d4"]
toml = ["229f81c57791a41d65e399fc06bf0848bab550a9dfd5ed66df18ce5f05e73d5c", "235682dd292d5899d361a811df37e04a8828a5b1da3115886b73cf81ebc9100e", "f1db651f9657708513243e61e6cc67d101a39bad662eaa9b5546f789338e07a3"]
tornado = ["349884248c36801afa19e342a77cc4458caca694b0eda633f5878e458a44cb2c", "398e0d35e086ba38a0427c3b37f4337327231942e731edaa6e9fd1865bbd6f60", "4e73ef678b1a859f0cb29e1d895526a20ea64b5ffd510a2307b5998c7df24281", "559bce3d31484b665259f50cd94c5c28b961b09315ccd838f284687245f416e5", "abbe53a39734ef4aba061fca54e30c6b4639d3e1f59653f0da37a0003de148c7", "c845db36ba616912074c5b1ee897f8e0124df269468f25e4fe21fe72f6edd7a9", "c9399267c926a4e7c418baa5cbe91c7d1cf362d505a1ef898fde44a07c9dd8a5"]
traitlets = ["70b4c6a1d9019d7b4f6846832288f86998aa3b9207c6821f3578a6a6a467fe44", "d023ee369ddd2763310e4c3eae1ff649689440d4ae59d7485eb4cfbbe3e359f7"]
wcwidth = ["3df37372226d6e63e1b1e1eda15c594bca98a22d33a23832a90998faa96bc65e", "f4ebe71925af7b40a864553f761ed559b43544f8f71746c2d756c7fe788ade7c"]
webencodings = ["a0af1213f3c2226497a97e2b3aa01a7e4bee4f403f95be16fc9acd2947514a78", "b36a1c245f2d304965eb4e0a82848379241dc04b865afcc4aab16748587e1923"]
zipp = ["3718b1cbcd963c7d4c5511a8240812904164b7f381b647143a89d3b98f9bcd8e", "f06903e9f1f43b12d371004b4ac7b06ab39a44adc747266928ae6debfa7b3335"]
